
Microsoft Visual Studio Solution File, Format Version 12.00
# Visual Studio 15
VisualStudioVersion = 15.0.27130.2003
MinimumVisualStudioVersion = 10.0.40219.1
Project("{8BC9CEB8-8B4A-11D0-8D11-00A0C91BC942}") = "Seq2Vec_training", "Seq2Vec_training.vcxproj", "{A245E2A3-CDF4-4FFF-A446-5406229F7085}"
EndProject
Global
	GlobalSection(SolutionConfigurationPlatforms) = preSolution
		Debug|x64 = Debug|x64
		Debug|x86 = Debug|x86
		Release|x64 = Release|x64
		Release|x86 = Release|x86
	EndGlobalSection
	GlobalSection(ProjectConfigurationPlatforms) = postSolution
		{A245E2A3-CDF4-4FFF-A446-5406229F7085}.Debug|x64.ActiveCfg = Debug|x64
		{A245E2A3-CDF4-4FFF-A446-5406229F7085}.Debug|x64.Build.0 = Debug|x64
		{A245E2A3-CDF4-4FFF-A446-5406229F7085}.Debug|x86.ActiveCfg = Debug|Win32
		{A245E2A3-CDF4-4FFF-A446-5406229F7085}.Debug|x86.Build.0 = Debug|Win32
		{A245E2A3-CDF4-4FFF-A446-5406229F7085}.Release|x64.ActiveCfg = Release|x64
		{A245E2A3-CDF4-4FFF-A446-5406229F7085}.Release|x64.Build.0 = Release|x64
		{A245E2A3-CDF4-4FFF-A446-5406229F7085}.Release|x86.ActiveCfg = Release|Win32
		{A245E2A3-CDF4-4FFF-A446-5406229F7085}.Release|x86.Build.0 = Release|Win32
	EndGlobalSection
	GlobalSection(SolutionProperties) = preSolution
		HideSolutionNode = FALSE
	EndGlobalSection
	GlobalSection(ExtensibilityGlobals) = postSolution
		SolutionGuid = {01D2DFFE-BCD1-4968-836B-DED3C011027B}
	EndGlobalSection
EndGlobal
